
Microsoft Visual Studio Solution File, Format Version 12.00
# Visual Studio Version 16
VisualStudioVersion = 16.0.31613.86
MinimumVisualStudioVersion = 10.0.40219.1
Project("{FAE04EC0-301F-11D3-BF4B-00C04F79EFBC}") = "HomeworkManagementSystem", "HomeworkManagementSystem\HomeworkManagementSystem.csproj", "{344272ED-8FF7-4B5A-AA56-E87E4EE695B9}"
EndProject
Project("{FAE04EC0-301F-11D3-BF4B-00C04F79EFBC}") = "HWMS.DAL", "HWMS.DAL\HWMS.DAL.csproj", "{D728E4E0-4946-4505-8D49-B1FC5713B614}"
EndProject
Project("{FAE04EC0-301F-11D3-BF4B-00C04F79EFBC}") = "HWMS.BAL", "HWMS.BAL\HWMS.BAL.csproj", "{B17FE8DE-249D-4903-B3FD-F618B051C69F}"
EndProject
Project("{FAE04EC0-301F-11D3-BF4B-00C04F79EFBC}") = "HWMS.DTO", "HWMS.DTO\HWMS.DTO.csproj", "{F5CC7250-0E0D-430A-A93A-8E8F6B8435F9}"
EndProject
Project("{FAE04EC0-301F-11D3-BF4B-00C04F79EFBC}") = "HWMS.Utility", "HWMS.Utility\HWMS.Utility.csproj", "{69B5B088-2E85-46A6-B2A7-9B17B8429304}"
EndProject
Global
	GlobalSection(SolutionConfigurationPlatforms) = preSolution
		Debug|Any CPU = Debug|Any CPU
		Release|Any CPU = Release|Any CPU
	EndGlobalSection
	GlobalSection(ProjectConfigurationPlatforms) = postSolution
		{344272ED-8FF7-4B5A-AA56-E87E4EE695B9}.Debug|Any CPU.ActiveCfg = Debug|Any CPU
		{344272ED-8FF7-4B5A-AA56-E87E4EE695B9}.Debug|Any CPU.Build.0 = Debug|Any CPU
		{344272ED-8FF7-4B5A-AA56-E87E4EE695B9}.Release|Any CPU.ActiveCfg = Release|Any CPU
		{344272ED-8FF7-4B5A-AA56-E87E4EE695B9}.Release|Any CPU.Build.0 = Release|Any CPU
		{D728E4E0-4946-4505-8D49-B1FC5713B614}.Debug|Any CPU.ActiveCfg = Debug|Any CPU
		{D728E4E0-4946-4505-8D49-B1FC5713B614}.Debug|Any CPU.Build.0 = Debug|Any CPU
		{D728E4E0-4946-4505-8D49-B1FC5713B614}.Release|Any CPU.ActiveCfg = Release|Any CPU
		{D728E4E0-4946-4505-8D49-B1FC5713B614}.Release|Any CPU.Build.0 = Release|Any CPU
		{B17FE8DE-249D-4903-B3FD-F618B051C69F}.Debug|Any CPU.ActiveCfg = Debug|Any CPU
		{B17FE8DE-249D-4903-B3FD-F618B051C69F}.Debug|Any CPU.Build.0 = Debug|Any CPU
		{B17FE8DE-249D-4903-B3FD-F618B051C69F}.Release|Any CPU.ActiveCfg = Release|Any CPU
		{B17FE8DE-249D-4903-B3FD-F618B051C69F}.Release|Any CPU.Build.0 = Release|Any CPU
		{F5CC7250-0E0D-430A-A93A-8E8F6B8435F9}.Debug|Any CPU.ActiveCfg = Debug|Any CPU
		{F5CC7250-0E0D-430A-A93A-8E8F6B8435F9}.Debug|Any CPU.Build.0 = Debug|Any CPU
		{F5CC7250-0E0D-430A-A93A-8E8F6B8435F9}.Release|Any CPU.ActiveCfg = Release|Any CPU
		{F5CC7250-0E0D-430A-A93A-8E8F6B8435F9}.Release|Any CPU.Build.0 = Release|Any CPU
		{69B5B088-2E85-46A6-B2A7-9B17B8429304}.Debug|Any CPU.ActiveCfg = Debug|Any CPU
		{69B5B088-2E85-46A6-B2A7-9B17B8429304}.Debug|Any CPU.Build.0 = Debug|Any CPU
		{69B5B088-2E85-46A6-B2A7-9B17B8429304}.Release|Any CPU.ActiveCfg = Release|Any CPU
		{69B5B088-2E85-46A6-B2A7-9B17B8429304}.Release|Any CPU.Build.0 = Release|Any CPU
	EndGlobalSection
	GlobalSection(SolutionProperties) = preSolution
		HideSolutionNode = FALSE
	EndGlobalSection
	GlobalSection(ExtensibilityGlobals) = postSolution
		SolutionGuid = {1CD66321-2967-43D8-8E5C-3B3A7E0F3457}
	EndGlobalSection
EndGlobal
